
Microsoft Visual Studio Solution File, Format Version 10.00
# Visual Studio 2008
Project("{FAE04EC0-301F-11D3-BF4B-00C04F79EFBC}") = "trempature", "trempature\trempature.csproj", "{CBA3D445-FC7E-4BC2-9C84-B37CEF9B2C86}"
EndProject
Global
	GlobalSection(SolutionConfigurationPlatforms) = preSolution
		Debug|Any CPU = Debug|Any CPU
		Release|Any CPU = Release|Any CPU
	EndGlobalSection
	GlobalSection(ProjectConfigurationPlatforms) = postSolution
		{CBA3D445-FC7E-4BC2-9C84-B37CEF9B2C86}.Debug|Any CPU.ActiveCfg = Debug|Any CPU
		{CBA3D445-FC7E-4BC2-9C84-B37CEF9B2C86}.Debug|Any CPU.Build.0 = Debug|Any CPU
		{CBA3D445-FC7E-4BC2-9C84-B37CEF9B2C86}.Release|Any CPU.ActiveCfg = Release|Any CPU
		{CBA3D445-FC7E-4BC2-9C84-B37CEF9B2C86}.Release|Any CPU.Build.0 = Release|Any CPU
	EndGlobalSection
	GlobalSection(SolutionProperties) = preSolution
		HideSolutionNode = FALSE
	EndGlobalSection
EndGlobal
